
Microsoft Visual Studio Solution File, Format Version 12.00
# Visual Studio Version 16
VisualStudioVersion = 16.0.29806.167
MinimumVisualStudioVersion = 10.0.40219.1
Project("{FAE04EC0-301F-11D3-BF4B-00C04F79EFBC}") = "HHUpdateApp", "HHUpdateApp\HHUpdateApp.csproj", "{D82CE51A-B7AD-44E2-8AF3-E778FC7120B7}"
EndProject
Project("{2150E333-8FDC-42A3-9474-1A3956D46DE8}") = "Solution Items", "Solution Items", "{AA5FFC1C-C154-4476-9245-54928597FD85}"
	ProjectSection(SolutionItems) = preProject
		README.md = README.md
	EndProjectSection
EndProject
Project("{FAE04EC0-301F-11D3-BF4B-00C04F79EFBC}") = "Demo", "Demo\Demo.csproj", "{309EC206-CD6B-4D97-9E4C-D1FBA46008C4}"
EndProject
Global
	GlobalSection(SolutionConfigurationPlatforms) = preSolution
		Debug|Any CPU = Debug|Any CPU
		Release|Any CPU = Release|Any CPU
	EndGlobalSection
	GlobalSection(ProjectConfigurationPlatforms) = postSolution
		{D82CE51A-B7AD-44E2-8AF3-E778FC7120B7}.Debug|Any CPU.ActiveCfg = Debug|Any CPU
		{D82CE51A-B7AD-44E2-8AF3-E778FC7120B7}.Debug|Any CPU.Build.0 = Debug|Any CPU
		{D82CE51A-B7AD-44E2-8AF3-E778FC7120B7}.Release|Any CPU.ActiveCfg = Release|Any CPU
		{D82CE51A-B7AD-44E2-8AF3-E778FC7120B7}.Release|Any CPU.Build.0 = Release|Any CPU
		{309EC206-CD6B-4D97-9E4C-D1FBA46008C4}.Debug|Any CPU.ActiveCfg = Debug|Any CPU
		{309EC206-CD6B-4D97-9E4C-D1FBA46008C4}.Debug|Any CPU.Build.0 = Debug|Any CPU
		{309EC206-CD6B-4D97-9E4C-D1FBA46008C4}.Release|Any CPU.ActiveCfg = Release|Any CPU
		{309EC206-CD6B-4D97-9E4C-D1FBA46008C4}.Release|Any CPU.Build.0 = Release|Any CPU
	EndGlobalSection
	GlobalSection(SolutionProperties) = preSolution
		HideSolutionNode = FALSE
	EndGlobalSection
	GlobalSection(ExtensibilityGlobals) = postSolution
		SolutionGuid = {8D09EF20-B03A-41CF-83DE-408CBF746969}
	EndGlobalSection
EndGlobal
